// !$*UTF8*$!
{
	archiveVersion = 1;
	classes = {
	};
	objectVersion = 50;
	objects = {

/* Begin PBXBuildFile section */
		4C0EADE4223AB19100F14D27 /* buildingView.swift in Sources */ = {isa = PBXBuildFile; fileRef = 4C0EADE3223AB19100F14D27 /* buildingView.swift */; };
		4C0EADE8223C6B1200F14D27 /* colorFile.swift in Sources */ = {isa = PBXBuildFile; fileRef = 4C0EADE7223C6B1200F14D27 /* colorFile.swift */; };
		4C0EADEA223CABD500F14D27 /* reference.rtf in Resources */ = {isa = PBXBuildFile; fileRef = 4C0EADE9223CABD400F14D27 /* reference.rtf */; };
		4C17F3C42239604D00061154 /* addClassView.swift in Sources */ = {isa = PBXBuildFile; fileRef = 4C17F3C32239604D00061154 /* addClassView.swift */; };
		4C17F3C6223960A000061154 /* addClassView.xib in Resources */ = {isa = PBXBuildFile; fileRef = 4C17F3C5223960A000061154 /* addClassView.xib */; };
		4C2BB575224042C800B84E10 /* HomeworkTableViewCell.swift in Sources */ = {isa = PBXBuildFile; fileRef = 4C2BB574224042C800B84E10 /* HomeworkTableViewCell.swift */; };
		4C2BB577224042DA00B84E10 /* TestTableViewCell.swift in Sources */ = {isa = PBXBuildFile; fileRef = 4C2BB576224042DA00B84E10 /* TestTableViewCell.swift */; };
		4C33C9FF2236A73D00A52E0A /* AppDelegate.swift in Sources */ = {isa = PBXBuildFile; fileRef = 4C33C9FE2236A73D00A52E0A /* AppDelegate.swift */; };
		4C33CA012236A73D00A52E0A /* ViewController.swift in Sources */ = {isa = PBXBuildFile; fileRef = 4C33CA002236A73D00A52E0A /* ViewController.swift */; };
		4C33CA042236A73D00A52E0A /* Main.storyboard in Resources */ = {isa = PBXBuildFile; fileRef = 4C33CA022236A73D00A52E0A /* Main.storyboard */; };
		4C33CA062236A73D00A52E0A /* Assets.xcassets in Resources */ = {isa = PBXBuildFile; fileRef = 4C33CA052236A73D00A52E0A /* Assets.xcassets */; };
		4C33CA092236A73D00A52E0A /* LaunchScreen.storyboard in Resources */ = {isa = PBXBuildFile; fileRef = 4C33CA072236A73D00A52E0A /* LaunchScreen.storyboard */; };
		4C33CA0E2236A73D00A52E0A /* SpeedScheduleX WatchKit App.app in Embed Watch Content */ = {isa = PBXBuildFile; fileRef = 4C33CA0D2236A73D00A52E0A /* SpeedScheduleX WatchKit App.app */; };
		4C33CA142236A73D00A52E0A /* Interface.storyboard in Resources */ = {isa = PBXBuildFile; fileRef = 4C33CA122236A73D00A52E0A /* Interface.storyboard */; };
		4C33CA162236A73E00A52E0A /* Assets.xcassets in Resources */ = {isa = PBXBuildFile; fileRef = 4C33CA152236A73E00A52E0A /* Assets.xcassets */; };
		4C33CA1D2236A73E00A52E0A /* SpeedScheduleX WatchKit Extension.appex in Embed App Extensions */ = {isa = PBXBuildFile; fileRef = 4C33CA1C2236A73E00A52E0A /* SpeedScheduleX WatchKit Extension.appex */; settings = {ATTRIBUTES = (RemoveHeadersOnCopy, ); }; };
		4C33CA222236A73E00A52E0A /* InterfaceController.swift in Sources */ = {isa = PBXBuildFile; fileRef = 4C33CA212236A73E00A52E0A /* InterfaceController.swift */; };
		4C33CA242236A73E00A52E0A /* ExtensionDelegate.swift in Sources */ = {isa = PBXBuildFile; fileRef = 4C33CA232236A73E00A52E0A /* ExtensionDelegate.swift */; };
		4C33CA262236A73E00A52E0A /* NotificationController.swift in Sources */ = {isa = PBXBuildFile; fileRef = 4C33CA252236A73E00A52E0A /* NotificationController.swift */; };
		4C33CA282236A73E00A52E0A /* Assets.xcassets in Resources */ = {isa = PBXBuildFile; fileRef = 4C33CA272236A73E00A52E0A /* Assets.xcassets */; };
		4C33CA392237081500A52E0A /* longProgressView.swift in Sources */ = {isa = PBXBuildFile; fileRef = 4C33CA382237081500A52E0A /* longProgressView.swift */; };
		4C33CA3D22370A5D00A52E0A /* longProgressView.xib in Resources */ = {isa = PBXBuildFile; fileRef = 4C33CA3C22370A5D00A52E0A /* longProgressView.xib */; };
		4C33CA3F2237190000A52E0A /* Aller_Std_Rg.ttf in Resources */ = {isa = PBXBuildFile; fileRef = 4C33CA3E2237190000A52E0A /* Aller_Std_Rg.ttf */; };
		4C33CA402237190000A52E0A /* Aller_Std_Rg.ttf in Resources */ = {isa = PBXBuildFile; fileRef = 4C33CA3E2237190000A52E0A /* Aller_Std_Rg.ttf */; };
		4C33CA412237190000A52E0A /* Aller_Std_Rg.ttf in Resources */ = {isa = PBXBuildFile; fileRef = 4C33CA3E2237190000A52E0A /* Aller_Std_Rg.ttf */; };
		4C33CA432237252800A52E0A /* singleDayView.swift in Sources */ = {isa = PBXBuildFile; fileRef = 4C33CA422237252800A52E0A /* singleDayView.swift */; };
		4C33CA452237253D00A52E0A /* singleDayView.xib in Resources */ = {isa = PBXBuildFile; fileRef = 4C33CA442237253D00A52E0A /* singleDayView.xib */; };
		4C33CA4722374BDB00A52E0A /* ScheduleViewController.swift in Sources */ = {isa = PBXBuildFile; fileRef = 4C33CA4622374BDB00A52E0A /* ScheduleViewController.swift */; };
		4C33CA4B223836A000A52E0A /* classView.swift in Sources */ = {isa = PBXBuildFile; fileRef = 4C33CA4A223836A000A52E0A /* classView.swift */; };
		4C75219F2245987F000B0D0E /* Aller_Std_Bd.ttf in Resources */ = {isa = PBXBuildFile; fileRef = 4C75219E2245987F000B0D0E /* Aller_Std_Bd.ttf */; };
		4C7521A02245987F000B0D0E /* Aller_Std_Bd.ttf in Resources */ = {isa = PBXBuildFile; fileRef = 4C75219E2245987F000B0D0E /* Aller_Std_Bd.ttf */; };
		4C7521A12245987F000B0D0E /* Aller_Std_Bd.ttf in Resources */ = {isa = PBXBuildFile; fileRef = 4C75219E2245987F000B0D0E /* Aller_Std_Bd.ttf */; };
		4C7521A2224598DF000B0D0E /* Aller_Std_Bd.ttf in Resources */ = {isa = PBXBuildFile; fileRef = 4C75219E2245987F000B0D0E /* Aller_Std_Bd.ttf */; };
		4C7521A42245AE7A000B0D0E /* classView.swift in Sources */ = {isa = PBXBuildFile; fileRef = 4C33CA4A223836A000A52E0A /* classView.swift */; };
		4C7521A52245AFD0000B0D0E /* colorFile.swift in Sources */ = {isa = PBXBuildFile; fileRef = 4C0EADE7223C6B1200F14D27 /* colorFile.swift */; };
		4C7521A92245BD7F000B0D0E /* Assets.xcassets in Resources */ = {isa = PBXBuildFile; fileRef = 4C33CA052236A73D00A52E0A /* Assets.xcassets */; };
		4CA0D2C3223A0B130072A9E3 /* timeView.swift in Sources */ = {isa = PBXBuildFile; fileRef = 4CA0D2C2223A0B130072A9E3 /* timeView.swift */; };
		4CA0D2C5223AA72F0072A9E3 /* addClassPickerView.swift in Sources */ = {isa = PBXBuildFile; fileRef = 4CA0D2C4223AA72F0072A9E3 /* addClassPickerView.swift */; };
		4CA0D2C7223AA75B0072A9E3 /* addClassPickerView.xib in Resources */ = {isa = PBXBuildFile; fileRef = 4CA0D2C6223AA75B0072A9E3 /* addClassPickerView.xib */; };
		4CA94695224552EE003FC20F /* NotificationCenter.framework in Frameworks */ = {isa = PBXBuildFile; fileRef = 4CA94694224552EE003FC20F /* NotificationCenter.framework */; };
		4CA94698224552EE003FC20F /* TodayViewController.swift in Sources */ = {isa = PBXBuildFile; fileRef = 4CA94697224552EE003FC20F /* TodayViewController.swift */; };
		4CA9469B224552EE003FC20F /* MainInterface.storyboard in Resources */ = {isa = PBXBuildFile; fileRef = 4CA94699224552EE003FC20F /* MainInterface.storyboard */; };
		4CA9469F224552EE003FC20F /* SpeedScheduleToday.appex in Embed App Extensions */ = {isa = PBXBuildFile; fileRef = 4CA94692224552EE003FC20F /* SpeedScheduleToday.appex */; settings = {ATTRIBUTES = (RemoveHeadersOnCopy, ); }; };
		4CA946A422455B5B003FC20F /* typePicker.swift in Sources */ = {isa = PBXBuildFile; fileRef = 4CD7399A22429BE20016B8ED /* typePicker.swift */; };
		4CD7399922429BC80016B8ED /* classPicker.swift in Sources */ = {isa = PBXBuildFile; fileRef = 4CD7399822429BC80016B8ED /* classPicker.swift */; };
		4CD7399B22429BE20016B8ED /* typePicker.swift in Sources */ = {isa = PBXBuildFile; fileRef = 4CD7399A22429BE20016B8ED /* typePicker.swift */; };
		4CD7399D2242CC710016B8ED /* datePicker.swift in Sources */ = {isa = PBXBuildFile; fileRef = 4CD7399C2242CC710016B8ED /* datePicker.swift */; };
		4CD73DB122415B830038438E /* HomeworkMenuView.swift in Sources */ = {isa = PBXBuildFile; fileRef = 4CD73DB022415B830038438E /* HomeworkMenuView.swift */; };
		4CD73DB322415B9F0038438E /* HomeworkMenuView.xib in Resources */ = {isa = PBXBuildFile; fileRef = 4CD73DB222415B9F0038438E /* HomeworkMenuView.xib */; };
/* End PBXBuildFile section */

/* Begin PBXContainerItemProxy section */
		4C33CA0F2236A73D00A52E0A /* PBXContainerItemProxy */ = {
			isa = PBXContainerItemProxy;
			containerPortal = 4C33C9F32236A73D00A52E0A /* Project object */;
			proxyType = 1;
			remoteGlobalIDString = 4C33CA0C2236A73D00A52E0A;
			remoteInfo = "SpeedScheduleX WatchKit App";
		};
		4C33CA1E2236A73E00A52E0A /* PBXContainerItemProxy */ = {
			isa = PBXContainerItemProxy;
			containerPortal = 4C33C9F32236A73D00A52E0A /* Project object */;
			proxyType = 1;
			remoteGlobalIDString = 4C33CA1B2236A73E00A52E0A;
			remoteInfo = "SpeedScheduleX WatchKit Extension";
		};
		4CA9469D224552EE003FC20F /* PBXContainerItemProxy */ = {
			isa = PBXContainerItemProxy;
			containerPortal = 4C33C9F32236A73D00A52E0A /* Project object */;
			proxyType = 1;
			remoteGlobalIDString = 4CA94691224552EE003FC20F;
			remoteInfo = SpeedScheduleToday;
		};
/* End PBXContainerItemProxy section */

/* Begin PBXCopyFilesBuildPhase section */
		4C33CA302236A73E00A52E0A /* Embed App Extensions */ = {
			isa = PBXCopyFilesBuildPhase;
			buildActionMask = 2147483647;
			dstPath = "";
			dstSubfolderSpec = 13;
			files = (
				4C33CA1D2236A73E00A52E0A /* SpeedScheduleX WatchKit Extension.appex in Embed App Extensions */,
			);
			name = "Embed App Extensions";
			runOnlyForDeploymentPostprocessing = 0;
		};
		4C33CA342236A73E00A52E0A /* Embed Watch Content */ = {
			isa = PBXCopyFilesBuildPhase;
			buildActionMask = 2147483647;
			dstPath = "$(CONTENTS_FOLDER_PATH)/Watch";
			dstSubfolderSpec = 16;
			files = (
				4C33CA0E2236A73D00A52E0A /* SpeedScheduleX WatchKit App.app in Embed Watch Content */,
			);
			name = "Embed Watch Content";
			runOnlyForDeploymentPostprocessing = 0;
		};
		4CA946A3224552EE003FC20F /* Embed App Extensions */ = {
			isa = PBXCopyFilesBuildPhase;
			buildActionMask = 2147483647;
			dstPath = "";
			dstSubfolderSpec = 13;
			files = (
				4CA9469F224552EE003FC20F /* SpeedScheduleToday.appex in Embed App Extensions */,
			);
			name = "Embed App Extensions";
			runOnlyForDeploymentPostprocessing = 0;
		};
/* End PBXCopyFilesBuildPhase section */

/* Begin PBXFileReference section */
		4C0EADE3223AB19100F14D27 /* buildingView.swift */ = {isa = PBXFileReference; lastKnownFileType = sourcecode.swift; path = buildingView.swift; sourceTree = "<group>"; };
		4C0EADE5223B4AB700F14D27 /* SpeedScheduleX WatchKit Extension.entitlements */ = {isa = PBXFileReference; lastKnownFileType = text.plist.entitlements; path = "SpeedScheduleX WatchKit Extension.entitlements"; sourceTree = "<group>"; };
		4C0EADE6223B4B0600F14D27 /* SpeedScheduleX.entitlements */ = {isa = PBXFileReference; lastKnownFileType = text.plist.entitlements; path = SpeedScheduleX.entitlements; sourceTree = "<group>"; };
		4C0EADE7223C6B1200F14D27 /* colorFile.swift */ = {isa = PBXFileReference; lastKnownFileType = sourcecode.swift; path = colorFile.swift; sourceTree = "<group>"; };
		4C0EADE9223CABD400F14D27 /* reference.rtf */ = {isa = PBXFileReference; lastKnownFileType = text.rtf; path = reference.rtf; sourceTree = "<group>"; };
		4C17F3C32239604D00061154 /* addClassView.swift */ = {isa = PBXFileReference; lastKnownFileType = sourcecode.swift; path = addClassView.swift; sourceTree = "<group>"; };
		4C17F3C5223960A000061154 /* addClassView.xib */ = {isa = PBXFileReference; lastKnownFileType = file.xib; path = addClassView.xib; sourceTree = "<group>"; };
		4C2BB574224042C800B84E10 /* HomeworkTableViewCell.swift */ = {isa = PBXFileReference; lastKnownFileType = sourcecode.swift; path = HomeworkTableViewCell.swift; sourceTree = "<group>"; };
		4C2BB576224042DA00B84E10 /* TestTableViewCell.swift */ = {isa = PBXFileReference; lastKnownFileType = sourcecode.swift; path = TestTableViewCell.swift; sourceTree = "<group>"; };
		4C33C9FB2236A73D00A52E0A /* SpeedScheduleX.app */ = {isa = PBXFileReference; explicitFileType = wrapper.application; includeInIndex = 0; path = SpeedScheduleX.app; sourceTree = BUILT_PRODUCTS_DIR; };
		4C33C9FE2236A73D00A52E0A /* AppDelegate.swift */ = {isa = PBXFileReference; lastKnownFileType = sourcecode.swift; path = AppDelegate.swift; sourceTree = "<group>"; };
		4C33CA002236A73D00A52E0A /* ViewController.swift */ = {isa = PBXFileReference; lastKnownFileType = sourcecode.swift; path = ViewController.swift; sourceTree = "<group>"; };
		4C33CA032236A73D00A52E0A /* Base */ = {isa = PBXFileReference; lastKnownFileType = file.storyboard; name = Base; path = Base.lproj/Main.storyboard; sourceTree = "<group>"; };
		4C33CA052236A73D00A52E0A /* Assets.xcassets */ = {isa = PBXFileReference; lastKnownFileType = folder.assetcatalog; path = Assets.xcassets; sourceTree = "<group>"; };
		4C33CA082236A73D00A52E0A /* Base */ = {isa = PBXFileReference; lastKnownFileType = file.storyboard; name = Base; path = Base.lproj/LaunchScreen.storyboard; sourceTree = "<group>"; };
		4C33CA0A2236A73D00A52E0A /* Info.plist */ = {isa = PBXFileReference; lastKnownFileType = text.plist.xml; path = Info.plist; sourceTree = "<group>"; };
		4C33CA0D2236A73D00A52E0A /* SpeedScheduleX WatchKit App.app */ = {isa = PBXFileReference; explicitFileType = wrapper.application; includeInIndex = 0; path = "SpeedScheduleX WatchKit App.app"; sourceTree = BUILT_PRODUCTS_DIR; };
		4C33CA132236A73D00A52E0A /* Base */ = {isa = PBXFileReference; lastKnownFileType = file.storyboard; name = Base; path = Base.lproj/Interface.storyboard; sourceTree = "<group>"; };
		4C33CA152236A73E00A52E0A /* Assets.xcassets */ = {isa = PBXFileReference; lastKnownFileType = folder.assetcatalog; path = Assets.xcassets; sourceTree = "<group>"; };
		4C33CA172236A73E00A52E0A /* Info.plist */ = {isa = PBXFileReference; lastKnownFileType = text.plist.xml; path = Info.plist; sourceTree = "<group>"; };
		4C33CA1C2236A73E00A52E0A /* SpeedScheduleX WatchKit Extension.appex */ = {isa = PBXFileReference; explicitFileType = "wrapper.app-extension"; includeInIndex = 0; path = "SpeedScheduleX WatchKit Extension.appex"; sourceTree = BUILT_PRODUCTS_DIR; };
		4C33CA212236A73E00A52E0A /* InterfaceController.swift */ = {isa = PBXFileReference; lastKnownFileType = sourcecode.swift; path = InterfaceController.swift; sourceTree = "<group>"; };
		4C33CA232236A73E00A52E0A /* ExtensionDelegate.swift */ = {isa = PBXFileReference; lastKnownFileType = sourcecode.swift; path = ExtensionDelegate.swift; sourceTree = "<group>"; };
		4C33CA252236A73E00A52E0A /* NotificationController.swift */ = {isa = PBXFileReference; lastKnownFileType = sourcecode.swift; path = NotificationController.swift; sourceTree = "<group>"; };
		4C33CA272236A73E00A52E0A /* Assets.xcassets */ = {isa = PBXFileReference; lastKnownFileType = folder.assetcatalog; path = Assets.xcassets; sourceTree = "<group>"; };
		4C33CA292236A73E00A52E0A /* Info.plist */ = {isa = PBXFileReference; lastKnownFileType = text.plist.xml; path = Info.plist; sourceTree = "<group>"; };
		4C33CA2A2236A73E00A52E0A /* PushNotificationPayload.apns */ = {isa = PBXFileReference; lastKnownFileType = text; path = PushNotificationPayload.apns; sourceTree = "<group>"; };
		4C33CA382237081500A52E0A /* longProgressView.swift */ = {isa = PBXFileReference; lastKnownFileType = sourcecode.swift; path = longProgressView.swift; sourceTree = "<group>"; };
		4C33CA3C22370A5D00A52E0A /* longProgressView.xib */ = {isa = PBXFileReference; lastKnownFileType = file.xib; path = longProgressView.xib; sourceTree = "<group>"; };
		4C33CA3E2237190000A52E0A /* Aller_Std_Rg.ttf */ = {isa = PBXFileReference; lastKnownFileType = file; path = Aller_Std_Rg.ttf; sourceTree = "<group>"; };
		4C33CA422237252800A52E0A /* singleDayView.swift */ = {isa = PBXFileReference; lastKnownFileType = sourcecode.swift; path = singleDayView.swift; sourceTree = "<group>"; };
		4C33CA442237253D00A52E0A /* singleDayView.xib */ = {isa = PBXFileReference; lastKnownFileType = file.xib; path = singleDayView.xib; sourceTree = "<group>"; };
		4C33CA4622374BDB00A52E0A /* ScheduleViewController.swift */ = {isa = PBXFileReference; lastKnownFileType = sourcecode.swift; path = ScheduleViewController.swift; sourceTree = "<group>"; };
		4C33CA4A223836A000A52E0A /* classView.swift */ = {isa = PBXFileReference; lastKnownFileType = sourcecode.swift; path = classView.swift; sourceTree = "<group>"; };
		4C75219E2245987F000B0D0E /* Aller_Std_Bd.ttf */ = {isa = PBXFileReference; lastKnownFileType = file; path = Aller_Std_Bd.ttf; sourceTree = "<group>"; };
		4CA0D2C2223A0B130072A9E3 /* timeView.swift */ = {isa = PBXFileReference; lastKnownFileType = sourcecode.swift; path = timeView.swift; sourceTree = "<group>"; };
		4CA0D2C4223AA72F0072A9E3 /* addClassPickerView.swift */ = {isa = PBXFileReference; lastKnownFileType = sourcecode.swift; path = addClassPickerView.swift; sourceTree = "<group>"; };
		4CA0D2C6223AA75B0072A9E3 /* addClassPickerView.xib */ = {isa = PBXFileReference; lastKnownFileType = file.xib; path = addClassPickerView.xib; sourceTree = "<group>"; };
		4CA94692224552EE003FC20F /* SpeedScheduleToday.appex */ = {isa = PBXFileReference; explicitFileType = "wrapper.app-extension"; includeInIndex = 0; path = SpeedScheduleToday.appex; sourceTree = BUILT_PRODUCTS_DIR; };
		4CA94694224552EE003FC20F /* NotificationCenter.framework */ = {isa = PBXFileReference; lastKnownFileType = wrapper.framework; name = NotificationCenter.framework; path = System/Library/Frameworks/NotificationCenter.framework; sourceTree = SDKROOT; };
		4CA94697224552EE003FC20F /* TodayViewController.swift */ = {isa = PBXFileReference; lastKnownFileType = sourcecode.swift; path = TodayViewController.swift; sourceTree = "<group>"; };
		4CA9469A224552EE003FC20F /* Base */ = {isa = PBXFileReference; lastKnownFileType = file.storyboard; name = Base; path = Base.lproj/MainInterface.storyboard; sourceTree = "<group>"; };
		4CA9469C224552EE003FC20F /* Info.plist */ = {isa = PBXFileReference; lastKnownFileType = text.plist.xml; path = Info.plist; sourceTree = "<group>"; };
		4CD7399822429BC80016B8ED /* classPicker.swift */ = {isa = PBXFileReference; lastKnownFileType = sourcecode.swift; path = classPicker.swift; sourceTree = "<group>"; };
		4CD7399A22429BE20016B8ED /* typePicker.swift */ = {isa = PBXFileReference; lastKnownFileType = sourcecode.swift; path = typePicker.swift; sourceTree = "<group>"; };
		4CD7399C2242CC710016B8ED /* datePicker.swift */ = {isa = PBXFileReference; lastKnownFileType = sourcecode.swift; path = datePicker.swift; sourceTree = "<group>"; };
		4CD73DB022415B830038438E /* HomeworkMenuView.swift */ = {isa = PBXFileReference; lastKnownFileType = sourcecode.swift; path = HomeworkMenuView.swift; sourceTree = "<group>"; };
		4CD73DB222415B9F0038438E /* HomeworkMenuView.xib */ = {isa = PBXFileReference; lastKnownFileType = file.xib; path = HomeworkMenuView.xib; sourceTree = "<group>"; };
/* End PBXFileReference section */

/* Begin PBXFrameworksBuildPhase section */
		4C33C9F82236A73D00A52E0A /* Frameworks */ = {
			isa = PBXFrameworksBuildPhase;
			buildActionMask = 2147483647;
			files = (
			);
			runOnlyForDeploymentPostprocessing = 0;
		};
		4C33CA192236A73E00A52E0A /* Frameworks */ = {
			isa = PBXFrameworksBuildPhase;
			buildActionMask = 2147483647;
			files = (
			);
			runOnlyForDeploymentPostprocessing = 0;
		};
		4CA9468F224552EE003FC20F /* Frameworks */ = {
			isa = PBXFrameworksBuildPhase;
			buildActionMask = 2147483647;
			files = (
				4CA94695224552EE003FC20F /* NotificationCenter.framework in Frameworks */,
			);
			runOnlyForDeploymentPostprocessing = 0;
		};
/* End PBXFrameworksBuildPhase section */

/* Begin PBXGroup section */
		4C33C9F22236A73D00A52E0A = {
			isa = PBXGroup;
			children = (
				4C0EADE9223CABD400F14D27 /* reference.rtf */,
				4C33CA3E2237190000A52E0A /* Aller_Std_Rg.ttf */,
				4C75219E2245987F000B0D0E /* Aller_Std_Bd.ttf */,
				4C33C9FD2236A73D00A52E0A /* SpeedScheduleX */,
				4CA94696224552EE003FC20F /* SpeedScheduleToday */,
				4CA94693224552EE003FC20F /* Frameworks */,
				4C33C9FC2236A73D00A52E0A /* Products */,
				4C33CA112236A73D00A52E0A /* SpeedScheduleX WatchKit App */,
				4C33CA202236A73E00A52E0A /* SpeedScheduleX WatchKit Extension */,
			);
			sourceTree = "<group>";
		};
		4C33C9FC2236A73D00A52E0A /* Products */ = {
			isa = PBXGroup;
			children = (
				4C33C9FB2236A73D00A52E0A /* SpeedScheduleX.app */,
				4C33CA0D2236A73D00A52E0A /* SpeedScheduleX WatchKit App.app */,
				4C33CA1C2236A73E00A52E0A /* SpeedScheduleX WatchKit Extension.appex */,
				4CA94692224552EE003FC20F /* SpeedScheduleToday.appex */,
			);
			name = Products;
			sourceTree = "<group>";
		};
		4C33C9FD2236A73D00A52E0A /* SpeedScheduleX */ = {
			isa = PBXGroup;
			children = (
				4C0EADE6223B4B0600F14D27 /* SpeedScheduleX.entitlements */,
				4C0EADE7223C6B1200F14D27 /* colorFile.swift */,
				4CD739952242997B0016B8ED /* Picker Classes */,
				4CD7399622429A3B0016B8ED /* Schedule Subviews */,
				4C33CA4622374BDB00A52E0A /* ScheduleViewController.swift */,
				4CD7399722429A730016B8ED /* Entry Subviews */,
				4C33CA002236A73D00A52E0A /* ViewController.swift */,
				4C33CA022236A73D00A52E0A /* Main.storyboard */,
				4C33CA052236A73D00A52E0A /* Assets.xcassets */,
				4C33CA072236A73D00A52E0A /* LaunchScreen.storyboard */,
				4C33C9FE2236A73D00A52E0A /* AppDelegate.swift */,
				4C33CA0A2236A73D00A52E0A /* Info.plist */,
			);
			path = SpeedScheduleX;
			sourceTree = "<group>";
		};
		4C33CA112236A73D00A52E0A /* SpeedScheduleX WatchKit App */ = {
			isa = PBXGroup;
			children = (
				4C33CA122236A73D00A52E0A /* Interface.storyboard */,
				4C33CA152236A73E00A52E0A /* Assets.xcassets */,
				4C33CA172236A73E00A52E0A /* Info.plist */,
			);
			path = "SpeedScheduleX WatchKit App";
			sourceTree = "<group>";
		};
		4C33CA202236A73E00A52E0A /* SpeedScheduleX WatchKit Extension */ = {
			isa = PBXGroup;
			children = (
				4C0EADE5223B4AB700F14D27 /* SpeedScheduleX WatchKit Extension.entitlements */,
				4C33CA212236A73E00A52E0A /* InterfaceController.swift */,
				4C33CA232236A73E00A52E0A /* ExtensionDelegate.swift */,
				4C33CA252236A73E00A52E0A /* NotificationController.swift */,
				4C33CA272236A73E00A52E0A /* Assets.xcassets */,
				4C33CA292236A73E00A52E0A /* Info.plist */,
				4C33CA2A2236A73E00A52E0A /* PushNotificationPayload.apns */,
			);
			path = "SpeedScheduleX WatchKit Extension";
			sourceTree = "<group>";
		};
		4CA94693224552EE003FC20F /* Frameworks */ = {
			isa = PBXGroup;
			children = (
				4CA94694224552EE003FC20F /* NotificationCenter.framework */,
			);
			name = Frameworks;
			sourceTree = "<group>";
		};
		4CA94696224552EE003FC20F /* SpeedScheduleToday */ = {
			isa = PBXGroup;
			children = (
				4CA94697224552EE003FC20F /* TodayViewController.swift */,
				4CA94699224552EE003FC20F /* MainInterface.storyboard */,
				4CA9469C224552EE003FC20F /* Info.plist */,
			);
			path = SpeedScheduleToday;
			sourceTree = "<group>";
		};
		4CD739952242997B0016B8ED /* Picker Classes */ = {
			isa = PBXGroup;
			children = (
				4C0EADE3223AB19100F14D27 /* buildingView.swift */,
				4CA0D2C2223A0B130072A9E3 /* timeView.swift */,
				4CD7399822429BC80016B8ED /* classPicker.swift */,
				4CD7399A22429BE20016B8ED /* typePicker.swift */,
				4CD7399C2242CC710016B8ED /* datePicker.swift */,
			);
			path = "Picker Classes";
			sourceTree = "<group>";
		};
		4CD7399622429A3B0016B8ED /* Schedule Subviews */ = {
			isa = PBXGroup;
			children = (
				4CA0D2C6223AA75B0072A9E3 /* addClassPickerView.xib */,
				4CA0D2C4223AA72F0072A9E3 /* addClassPickerView.swift */,
				4C17F3C5223960A000061154 /* addClassView.xib */,
				4C17F3C32239604D00061154 /* addClassView.swift */,
				4C33CA4A223836A000A52E0A /* classView.swift */,
			);
			path = "Schedule Subviews";
			sourceTree = "<group>";
		};
		4CD7399722429A730016B8ED /* Entry Subviews */ = {
			isa = PBXGroup;
			children = (
				4C33CA422237252800A52E0A /* singleDayView.swift */,
				4C33CA442237253D00A52E0A /* singleDayView.xib */,
				4C33CA382237081500A52E0A /* longProgressView.swift */,
				4C33CA3C22370A5D00A52E0A /* longProgressView.xib */,
				4CD73DB022415B830038438E /* HomeworkMenuView.swift */,
				4CD73DB222415B9F0038438E /* HomeworkMenuView.xib */,
				4C2BB576224042DA00B84E10 /* TestTableViewCell.swift */,
				4C2BB574224042C800B84E10 /* HomeworkTableViewCell.swift */,
			);
			path = "Entry Subviews";
			sourceTree = "<group>";
		};
/* End PBXGroup section */

/* Begin PBXNativeTarget section */
		4C33C9FA2236A73D00A52E0A /* SpeedScheduleX */ = {
			isa = PBXNativeTarget;
			buildConfigurationList = 4C33CA352236A73E00A52E0A /* Build configuration list for PBXNativeTarget "SpeedScheduleX" */;
			buildPhases = (
				4C33C9F72236A73D00A52E0A /* Sources */,
				4C33C9F82236A73D00A52E0A /* Frameworks */,
				4C33C9F92236A73D00A52E0A /* Resources */,
				4C33CA342236A73E00A52E0A /* Embed Watch Content */,
				4CA946A3224552EE003FC20F /* Embed App Extensions */,
			);
			buildRules = (
			);
			dependencies = (
				4C33CA102236A73D00A52E0A /* PBXTargetDependency */,
				4CA9469E224552EE003FC20F /* PBXTargetDependency */,
			);
			name = SpeedScheduleX;
			productName = SpeedScheduleX;
			productReference = 4C33C9FB2236A73D00A52E0A /* SpeedScheduleX.app */;
			productType = "com.apple.product-type.application";
		};
		4C33CA0C2236A73D00A52E0A /* SpeedScheduleX WatchKit App */ = {
			isa = PBXNativeTarget;
			buildConfigurationList = 4C33CA312236A73E00A52E0A /* Build configuration list for PBXNativeTarget "SpeedScheduleX WatchKit App" */;
			buildPhases = (
				4C33CA0B2236A73D00A52E0A /* Resources */,
				4C33CA302236A73E00A52E0A /* Embed App Extensions */,
			);
			buildRules = (
			);
			dependencies = (
				4C33CA1F2236A73E00A52E0A /* PBXTargetDependency */,
			);
			name = "SpeedScheduleX WatchKit App";
			productName = "SpeedScheduleX WatchKit App";
			productReference = 4C33CA0D2236A73D00A52E0A /* SpeedScheduleX WatchKit App.app */;
			productType = "com.apple.product-type.application.watchapp2";
		};
		4C33CA1B2236A73E00A52E0A /* SpeedScheduleX WatchKit Extension */ = {
			isa = PBXNativeTarget;
			buildConfigurationList = 4C33CA2D2236A73E00A52E0A /* Build configuration list for PBXNativeTarget "SpeedScheduleX WatchKit Extension" */;
			buildPhases = (
				4C33CA182236A73E00A52E0A /* Sources */,
				4C33CA192236A73E00A52E0A /* Frameworks */,
				4C33CA1A2236A73E00A52E0A /* Resources */,
			);
			buildRules = (
			);
			dependencies = (
			);
			name = "SpeedScheduleX WatchKit Extension";
			productName = "SpeedScheduleX WatchKit Extension";
			productReference = 4C33CA1C2236A73E00A52E0A /* SpeedScheduleX WatchKit Extension.appex */;
			productType = "com.apple.product-type.watchkit2-extension";
		};
		4CA94691224552EE003FC20F /* SpeedScheduleToday */ = {
			isa = PBXNativeTarget;
			buildConfigurationList = 4CA946A0224552EE003FC20F /* Build configuration list for PBXNativeTarget "SpeedScheduleToday" */;
			buildPhases = (
				4CA9468E224552EE003FC20F /* Sources */,
				4CA9468F224552EE003FC20F /* Frameworks */,
				4CA94690224552EE003FC20F /* Resources */,
			);
			buildRules = (
			);
			dependencies = (
			);
			name = SpeedScheduleToday;
			productName = SpeedScheduleToday;
			productReference = 4CA94692224552EE003FC20F /* SpeedScheduleToday.appex */;
			productType = "com.apple.product-type.app-extension";
		};
/* End PBXNativeTarget section */

/* Begin PBXProject section */
		4C33C9F32236A73D00A52E0A /* Project object */ = {
			isa = PBXProject;
			attributes = {
				LastSwiftUpdateCheck = 1010;
				LastUpgradeCheck = 1010;
				ORGANIZATIONNAME = "Rolf Locher";
				TargetAttributes = {
					4C33C9FA2236A73D00A52E0A = {
						CreatedOnToolsVersion = 10.1;
						SystemCapabilities = {
							com.apple.ApplicationGroups.iOS = {
								enabled = 1;
							};
						};
					};
					4C33CA0C2236A73D00A52E0A = {
						CreatedOnToolsVersion = 10.1;
					};
					4C33CA1B2236A73E00A52E0A = {
						CreatedOnToolsVersion = 10.1;
						SystemCapabilities = {
							com.apple.ApplicationGroups.iOS = {
								enabled = 1;
							};
						};
					};
					4CA94691224552EE003FC20F = {
						CreatedOnToolsVersion = 10.1;
					};
				};
			};
			buildConfigurationList = 4C33C9F62236A73D00A52E0A /* Build configuration list for PBXProject "SpeedScheduleX" */;
			compatibilityVersion = "Xcode 9.3";
			developmentRegion = en;
			hasScannedForEncodings = 0;
			knownRegions = (
				en,
				Base,
			);
			mainGroup = 4C33C9F22236A73D00A52E0A;
			productRefGroup = 4C33C9FC2236A73D00A52E0A /* Products */;
			projectDirPath = "";
			projectRoot = "";
			targets = (
				4C33C9FA2236A73D00A52E0A /* SpeedScheduleX */,
				4C33CA0C2236A73D00A52E0A /* SpeedScheduleX WatchKit App */,
				4C33CA1B2236A73E00A52E0A /* SpeedScheduleX WatchKit Extension */,
				4CA94691224552EE003FC20F /* SpeedScheduleToday */,
			);
		};
/* End PBXProject section */

/* Begin PBXResourcesBuildPhase section */
		4C33C9F92236A73D00A52E0A /* Resources */ = {
			isa = PBXResourcesBuildPhase;
			buildActionMask = 2147483647;
			files = (
				4C33CA3F2237190000A52E0A /* Aller_Std_Rg.ttf in Resources */,
				4CA0D2C7223AA75B0072A9E3 /* addClassPickerView.xib in Resources */,
				4C33CA452237253D00A52E0A /* singleDayView.xib in Resources */,
				4C0EADEA223CABD500F14D27 /* reference.rtf in Resources */,
				4C33CA092236A73D00A52E0A /* LaunchScreen.storyboard in Resources */,
				4C17F3C6223960A000061154 /* addClassView.xib in Resources */,
				4C75219F2245987F000B0D0E /* Aller_Std_Bd.ttf in Resources */,
				4C33CA3D22370A5D00A52E0A /* longProgressView.xib in Resources */,
				4CD73DB322415B9F0038438E /* HomeworkMenuView.xib in Resources */,
				4C33CA062236A73D00A52E0A /* Assets.xcassets in Resources */,
				4C33CA042236A73D00A52E0A /* Main.storyboard in Resources */,
			);
			runOnlyForDeploymentPostprocessing = 0;
		};
		4C33CA0B2236A73D00A52E0A /* Resources */ = {
			isa = PBXResourcesBuildPhase;
			buildActionMask = 2147483647;
			files = (
				4C33CA162236A73E00A52E0A /* Assets.xcassets in Resources */,
				4C33CA402237190000A52E0A /* Aller_Std_Rg.ttf in Resources */,
				4C33CA142236A73D00A52E0A /* Interface.storyboard in Resources */,
				4C7521A02245987F000B0D0E /* Aller_Std_Bd.ttf in Resources */,
			);
			runOnlyForDeploymentPostprocessing = 0;
		};
		4C33CA1A2236A73E00A52E0A /* Resources */ = {
			isa = PBXResourcesBuildPhase;
			buildActionMask = 2147483647;
			files = (
				4C7521A2224598DF000B0D0E /* Aller_Std_Bd.ttf in Resources */,
				4C33CA412237190000A52E0A /* Aller_Std_Rg.ttf in Resources */,
				4C33CA282236A73E00A52E0A /* Assets.xcassets in Resources */,
			);
			runOnlyForDeploymentPostprocessing = 0;
		};
		4CA94690224552EE003FC20F /* Resources */ = {
			isa = PBXResourcesBuildPhase;
			buildActionMask = 2147483647;
			files = (
				4CA9469B224552EE003FC20F /* MainInterface.storyboard in Resources */,
				4C7521A92245BD7F000B0D0E /* Assets.xcassets in Resources */,
				4C7521A12245987F000B0D0E /* Aller_Std_Bd.ttf in Resources */,
			);
			runOnlyForDeploymentPostprocessing = 0;
		};
/* End PBXResourcesBuildPhase section */

/* Begin PBXSourcesBuildPhase section */
		4C33C9F72236A73D00A52E0A /* Sources */ = {
			isa = PBXSourcesBuildPhase;
			buildActionMask = 2147483647;
			files = (
				4C33CA4722374BDB00A52E0A /* ScheduleViewController.swift in Sources */,
				4CD73DB122415B830038438E /* HomeworkMenuView.swift in Sources */,
				4C2BB575224042C800B84E10 /* HomeworkTableViewCell.swift in Sources */,
				4C33CA012236A73D00A52E0A /* ViewController.swift in Sources */,
				4C33CA432237252800A52E0A /* singleDayView.swift in Sources */,
				4CD7399D2242CC710016B8ED /* datePicker.swift in Sources */,
				4CA0D2C3223A0B130072A9E3 /* timeView.swift in Sources */,
				4CA0D2C5223AA72F0072A9E3 /* addClassPickerView.swift in Sources */,
				4C33CA4B223836A000A52E0A /* classView.swift in Sources */,
				4C2BB577224042DA00B84E10 /* TestTableViewCell.swift in Sources */,
				4C17F3C42239604D00061154 /* addClassView.swift in Sources */,
				4CD7399922429BC80016B8ED /* classPicker.swift in Sources */,
				4CD7399B22429BE20016B8ED /* typePicker.swift in Sources */,
				4C0EADE8223C6B1200F14D27 /* colorFile.swift in Sources */,
				4C0EADE4223AB19100F14D27 /* buildingView.swift in Sources */,
				4C33C9FF2236A73D00A52E0A /* AppDelegate.swift in Sources */,
				4C33CA392237081500A52E0A /* longProgressView.swift in Sources */,
			);
			runOnlyForDeploymentPostprocessing = 0;
		};
		4C33CA182236A73E00A52E0A /* Sources */ = {
			isa = PBXSourcesBuildPhase;
			buildActionMask = 2147483647;
			files = (
				4C33CA262236A73E00A52E0A /* NotificationController.swift in Sources */,
				4C33CA242236A73E00A52E0A /* ExtensionDelegate.swift in Sources */,
				4C33CA222236A73E00A52E0A /* InterfaceController.swift in Sources */,
			);
			runOnlyForDeploymentPostprocessing = 0;
		};
		4CA9468E224552EE003FC20F /* Sources */ = {
			isa = PBXSourcesBuildPhase;
			buildActionMask = 2147483647;
			files = (
				4C7521A42245AE7A000B0D0E /* classView.swift in Sources */,
				4C7521A52245AFD0000B0D0E /* colorFile.swift in Sources */,
				4CA94698224552EE003FC20F /* TodayViewController.swift in Sources */,
				4CA946A422455B5B003FC20F /* typePicker.swift in Sources */,
			);
			runOnlyForDeploymentPostprocessing = 0;
		};
/* End PBXSourcesBuildPhase section */

/* Begin PBXTargetDependency section */
		4C33CA102236A73D00A52E0A /* PBXTargetDependency */ = {
			isa = PBXTargetDependency;
			target = 4C33CA0C2236A73D00A52E0A /* SpeedScheduleX WatchKit App */;
			targetProxy = 4C33CA0F2236A73D00A52E0A /* PBXContainerItemProxy */;
		};
		4C33CA1F2236A73E00A52E0A /* PBXTargetDependency */ = {
			isa = PBXTargetDependency;
			target = 4C33CA1B2236A73E00A52E0A /* SpeedScheduleX WatchKit Extension */;
			targetProxy = 4C33CA1E2236A73E00A52E0A /* PBXContainerItemProxy */;
		};
		4CA9469E224552EE003FC20F /* PBXTargetDependency */ = {
			isa = PBXTargetDependency;
			target = 4CA94691224552EE003FC20F /* SpeedScheduleToday */;
			targetProxy = 4CA9469D224552EE003FC20F /* PBXContainerItemProxy */;
		};
/* End PBXTargetDependency section */

/* Begin PBXVariantGroup section */
		4C33CA022236A73D00A52E0A /* Main.storyboard */ = {
			isa = PBXVariantGroup;
			children = (
				4C33CA032236A73D00A52E0A /* Base */,
			);
			name = Main.storyboard;
			sourceTree = "<group>";
		};
		4C33CA072236A73D00A52E0A /* LaunchScreen.storyboard */ = {
			isa = PBXVariantGroup;
			children = (
				4C33CA082236A73D00A52E0A /* Base */,
			);
			name = LaunchScreen.storyboard;
			sourceTree = "<group>";
		};
		4C33CA122236A73D00A52E0A /* Interface.storyboard */ = {
			isa = PBXVariantGroup;
			children = (
				4C33CA132236A73D00A52E0A /* Base */,
			);
			name = Interface.storyboard;
			sourceTree = "<group>";
		};
		4CA94699224552EE003FC20F /* MainInterface.storyboard */ = {
			isa = PBXVariantGroup;
			children = (
				4CA9469A224552EE003FC20F /* Base */,
			);
			name = MainInterface.storyboard;
			sourceTree = "<group>";
		};
/* End PBXVariantGroup section */

/* Begin XCBuildConfiguration section */
		4C33CA2B2236A73E00A52E0A /* Debug */ = {
			isa = XCBuildConfiguration;
			buildSettings = {
				ALWAYS_SEARCH_USER_PATHS = NO;
				CLANG_ANALYZER_NONNULL = YES;
				CLANG_ANALYZER_NUMBER_OBJECT_CONVERSION = YES_AGGRESSIVE;
				CLANG_CXX_LANGUAGE_STANDARD = "gnu++14";
				CLANG_CXX_LIBRARY = "libc++";
				CLANG_ENABLE_MODULES = YES;
				CLANG_ENABLE_OBJC_ARC = YES;
				CLANG_ENABLE_OBJC_WEAK = YES;
				CLANG_WARN_BLOCK_CAPTURE_AUTORELEASING = YES;
				CLANG_WARN_BOOL_CONVERSION = YES;
				CLANG_WARN_COMMA = YES;
				CLANG_WARN_CONSTANT_CONVERSION = YES;
				CLANG_WARN_DEPRECATED_OBJC_IMPLEMENTATIONS = YES;
				CLANG_WARN_DIRECT_OBJC_ISA_USAGE = YES_ERROR;
				CLANG_WARN_DOCUMENTATION_COMMENTS = YES;
				CLANG_WARN_EMPTY_BODY = YES;
				CLANG_WARN_ENUM_CONVERSION = YES;
				CLANG_WARN_INFINITE_RECURSION = YES;
				CLANG_WARN_INT_CONVERSION = YES;
				CLANG_WARN_NON_LITERAL_NULL_CONVERSION = YES;
				CLANG_WARN_OBJC_IMPLICIT_RETAIN_SELF = YES;
				CLANG_WARN_OBJC_LITERAL_CONVERSION = YES;
				CLANG_WARN_OBJC_ROOT_CLASS = YES_ERROR;
				CLANG_WARN_RANGE_LOOP_ANALYSIS = YES;
				CLANG_WARN_STRICT_PROTOTYPES = YES;
				CLANG_WARN_SUSPICIOUS_MOVE = YES;
				CLANG_WARN_UNGUARDED_AVAILABILITY = YES_AGGRESSIVE;
				CLANG_WARN_UNREACHABLE_CODE = YES;
				CLANG_WARN__DUPLICATE_METHOD_MATCH = YES;
				CODE_SIGN_IDENTITY = "iPhone Developer";
				COPY_PHASE_STRIP = NO;
				DEBUG_INFORMATION_FORMAT = dwarf;
				ENABLE_STRICT_OBJC_MSGSEND = YES;
				ENABLE_TESTABILITY = YES;
				GCC_C_LANGUAGE_STANDARD = gnu11;
				GCC_DYNAMIC_NO_PIC = NO;
				GCC_NO_COMMON_BLOCKS = YES;
				GCC_OPTIMIZATION_LEVEL = 0;
				GCC_PREPROCESSOR_DEFINITIONS = (
					"DEBUG=1",
					"$(inherited)",
				);
				GCC_WARN_64_TO_32_BIT_CONVERSION = YES;
				GCC_WARN_ABOUT_RETURN_TYPE = YES_ERROR;
				GCC_WARN_UNDECLARED_SELECTOR = YES;
				GCC_WARN_UNINITIALIZED_AUTOS = YES_AGGRESSIVE;
				GCC_WARN_UNUSED_FUNCTION = YES;
				GCC_WARN_UNUSED_VARIABLE = YES;
				IPHONEOS_DEPLOYMENT_TARGET = 12.1;
				MTL_ENABLE_DEBUG_INFO = INCLUDE_SOURCE;
				MTL_FAST_MATH = YES;
				ONLY_ACTIVE_ARCH = YES;
				SDKROOT = iphoneos;
				SWIFT_ACTIVE_COMPILATION_CONDITIONS = DEBUG;
				SWIFT_OPTIMIZATION_LEVEL = "-Onone";
			};
			name = Debug;
		};
		4C33CA2C2236A73E00A52E0A /* Release */ = {
			isa = XCBuildConfiguration;
			buildSettings = {
				ALWAYS_SEARCH_USER_PATHS = NO;
				CLANG_ANALYZER_NONNULL = YES;
				CLANG_ANALYZER_NUMBER_OBJECT_CONVERSION = YES_AGGRESSIVE;
				CLANG_CXX_LANGUAGE_STANDARD = "gnu++14";
				CLANG_CXX_LIBRARY = "libc++";
				CLANG_ENABLE_MODULES = YES;
				CLANG_ENABLE_OBJC_ARC = YES;
				CLANG_ENABLE_OBJC_WEAK = YES;
				CLANG_WARN_BLOCK_CAPTURE_AUTORELEASING = YES;
				CLANG_WARN_BOOL_CONVERSION = YES;
				CLANG_WARN_COMMA = YES;
				CLANG_WARN_CONSTANT_CONVERSION = YES;
				CLANG_WARN_DEPRECATED_OBJC_IMPLEMENTATIONS = YES;
				CLANG_WARN_DIRECT_OBJC_ISA_USAGE = YES_ERROR;
				CLANG_WARN_DOCUMENTATION_COMMENTS = YES;
				CLANG_WARN_EMPTY_BODY = YES;
				CLANG_WARN_ENUM_CONVERSION = YES;
				CLANG_WARN_INFINITE_RECURSION = YES;
				CLANG_WARN_INT_CONVERSION = YES;
				CLANG_WARN_NON_LITERAL_NULL_CONVERSION = YES;
				CLANG_WARN_OBJC_IMPLICIT_RETAIN_SELF = YES;
				CLANG_WARN_OBJC_LITERAL_CONVERSION = YES;
				CLANG_WARN_OBJC_ROOT_CLASS = YES_ERROR;
				CLANG_WARN_RANGE_LOOP_ANALYSIS = YES;
				CLANG_WARN_STRICT_PROTOTYPES = YES;
				CLANG_WARN_SUSPICIOUS_MOVE = YES;
				CLANG_WARN_UNGUARDED_AVAILABILITY = YES_AGGRESSIVE;
				CLANG_WARN_UNREACHABLE_CODE = YES;
				CLANG_WARN__DUPLICATE_METHOD_MATCH = YES;
				CODE_SIGN_IDENTITY = "iPhone Developer";
				COPY_PHASE_STRIP = NO;
				DEBUG_INFORMATION_FORMAT = "dwarf-with-dsym";
				ENABLE_NS_ASSERTIONS = NO;
				ENABLE_STRICT_OBJC_MSGSEND = YES;
				GCC_C_LANGUAGE_STANDARD = gnu11;
				GCC_NO_COMMON_BLOCKS = YES;
				GCC_WARN_64_TO_32_BIT_CONVERSION = YES;
				GCC_WARN_ABOUT_RETURN_TYPE = YES_ERROR;
				GCC_WARN_UNDECLARED_SELECTOR = YES;
				GCC_WARN_UNINITIALIZED_AUTOS = YES_AGGRESSIVE;
				GCC_WARN_UNUSED_FUNCTION = YES;
				GCC_WARN_UNUSED_VARIABLE = YES;
				IPHONEOS_DEPLOYMENT_TARGET = 12.1;
				MTL_ENABLE_DEBUG_INFO = NO;
				MTL_FAST_MATH = YES;
				SDKROOT = iphoneos;
				SWIFT_COMPILATION_MODE = wholemodule;
				SWIFT_OPTIMIZATION_LEVEL = "-O";
				VALIDATE_PRODUCT = YES;
			};
			name = Release;
		};
		4C33CA2E2236A73E00A52E0A /* Debug */ = {
			isa = XCBuildConfiguration;
			buildSettings = {
				ASSETCATALOG_COMPILER_COMPLICATION_NAME = Complication;
				CODE_SIGN_ENTITLEMENTS = "SpeedScheduleX WatchKit Extension/SpeedScheduleX WatchKit Extension.entitlements";
				CODE_SIGN_STYLE = Automatic;
				DEVELOPMENT_TEAM = UX7GPB828A;
				INFOPLIST_FILE = "SpeedScheduleX WatchKit Extension/Info.plist";
				LD_RUNPATH_SEARCH_PATHS = (
					"$(inherited)",
					"@executable_path/Frameworks",
					"@executable_path/../../Frameworks",
				);
				PRODUCT_BUNDLE_IDENTIFIER = rolflocher.SpeedScheduleXX.watchkitappwatch.test;
				PRODUCT_NAME = "${TARGET_NAME}";
				SDKROOT = watchos;
				SKIP_INSTALL = YES;
				SWIFT_VERSION = 4.2;
				TARGETED_DEVICE_FAMILY = 4;
				WATCHOS_DEPLOYMENT_TARGET = 5.1;
			};
			name = Debug;
		};
		4C33CA2F2236A73E00A52E0A /* Release */ = {
			isa = XCBuildConfiguration;
			buildSettings = {
				ASSETCATALOG_COMPILER_COMPLICATION_NAME = Complication;
				CODE_SIGN_ENTITLEMENTS = "SpeedScheduleX WatchKit Extension/SpeedScheduleX WatchKit Extension.entitlements";
				CODE_SIGN_STYLE = Automatic;
				DEVELOPMENT_TEAM = UX7GPB828A;
				INFOPLIST_FILE = "SpeedScheduleX WatchKit Extension/Info.plist";
				LD_RUNPATH_SEARCH_PATHS = (
					"$(inherited)",
					"@executable_path/Frameworks",
					"@executable_path/../../Frameworks",
				);
				PRODUCT_BUNDLE_IDENTIFIER = rolflocher.SpeedScheduleXX.watchkitappwatch.test;
				PRODUCT_NAME = "${TARGET_NAME}";
				SDKROOT = watchos;
				SKIP_INSTALL = YES;
				SWIFT_VERSION = 4.2;
				TARGETED_DEVICE_FAMILY = 4;
				WATCHOS_DEPLOYMENT_TARGET = 5.1;
			};
			name = Release;
		};
		4C33CA322236A73E00A52E0A /* Debug */ = {
			isa = XCBuildConfiguration;
			buildSettings = {
				ALWAYS_EMBED_SWIFT_STANDARD_LIBRARIES = YES;
				ASSETCATALOG_COMPILER_APPICON_NAME = AppIcon;
				CODE_SIGN_STYLE = Automatic;
				DEVELOPMENT_TEAM = UX7GPB828A;
				IBSC_MODULE = SpeedScheduleX_WatchKit_Extension;
				INFOPLIST_FILE = "SpeedScheduleX WatchKit App/Info.plist";
				PRODUCT_BUNDLE_IDENTIFIER = rolflocher.SpeedScheduleXX.watchkitappwatch;
				PRODUCT_NAME = "$(TARGET_NAME)";
				SDKROOT = watchos;
				SKIP_INSTALL = YES;
				SWIFT_VERSION = 4.2;
				TARGETED_DEVICE_FAMILY = 4;
				WATCHOS_DEPLOYMENT_TARGET = 5.1;
			};
			name = Debug;
		};
		4C33CA332236A73E00A52E0A /* Release */ = {
			isa = XCBuildConfiguration;
			buildSettings = {
				ALWAYS_EMBED_SWIFT_STANDARD_LIBRARIES = YES;
				ASSETCATALOG_COMPILER_APPICON_NAME = AppIcon;
				CODE_SIGN_STYLE = Automatic;
				DEVELOPMENT_TEAM = UX7GPB828A;
				IBSC_MODULE = SpeedScheduleX_WatchKit_Extension;
				INFOPLIST_FILE = "SpeedScheduleX WatchKit App/Info.plist";
				PRODUCT_BUNDLE_IDENTIFIER = rolflocher.SpeedScheduleXX.watchkitappwatch;
				PRODUCT_NAME = "$(TARGET_NAME)";
				SDKROOT = watchos;
				SKIP_INSTALL = YES;
				SWIFT_VERSION = 4.2;
				TARGETED_DEVICE_FAMILY = 4;
				WATCHOS_DEPLOYMENT_TARGET = 5.1;
			};
			name = Release;
		};
		4C33CA362236A73E00A52E0A /* Debug */ = {
			isa = XCBuildConfiguration;
			buildSettings = {
				ALWAYS_EMBED_SWIFT_STANDARD_LIBRARIES = YES;
				ASSETCATALOG_COMPILER_APPICON_NAME = AppIcon;
				CODE_SIGN_ENTITLEMENTS = SpeedScheduleX/SpeedScheduleX.entitlements;
				CODE_SIGN_STYLE = Automatic;
				DEVELOPMENT_TEAM = UX7GPB828A;
				INFOPLIST_FILE = SpeedScheduleX/Info.plist;
				LD_RUNPATH_SEARCH_PATHS = (
					"$(inherited)",
					"@executable_path/Frameworks",
				);
				PRODUCT_BUNDLE_IDENTIFIER = rolflocher.SpeedScheduleXX;
				PRODUCT_NAME = "$(TARGET_NAME)";
				SWIFT_VERSION = 4.2;
				TARGETED_DEVICE_FAMILY = "1,2";
			};
			name = Debug;
		};
		4C33CA372236A73E00A52E0A /* Release */ = {
			isa = XCBuildConfiguration;
			buildSettings = {
				ALWAYS_EMBED_SWIFT_STANDARD_LIBRARIES = YES;
				ASSETCATALOG_COMPILER_APPICON_NAME = AppIcon;
				CODE_SIGN_ENTITLEMENTS = SpeedScheduleX/SpeedScheduleX.entitlements;
				CODE_SIGN_STYLE = Automatic;
				DEVELOPMENT_TEAM = UX7GPB828A;
				INFOPLIST_FILE = SpeedScheduleX/Info.plist;
				LD_RUNPATH_SEARCH_PATHS = (
					"$(inherited)",
					"@executable_path/Frameworks",
				);
				PRODUCT_BUNDLE_IDENTIFIER = rolflocher.SpeedScheduleXX;
				PRODUCT_NAME = "$(TARGET_NAME)";
				SWIFT_VERSION = 4.2;
				TARGETED_DEVICE_FAMILY = "1,2";
			};
			name = Release;
		};
		4CA946A1224552EE003FC20F /* Debug */ = {
			isa = XCBuildConfiguration;
			buildSettings = {
				CODE_SIGN_STYLE = Automatic;
				DEVELOPMENT_TEAM = UX7GPB828A;
				INFOPLIST_FILE = SpeedScheduleToday/Info.plist;
				LD_RUNPATH_SEARCH_PATHS = (
					"$(inherited)",
					"@executable_path/Frameworks",
					"@executable_path/../../Frameworks",
				);
				PRODUCT_BUNDLE_IDENTIFIER = rolflocher.SpeedScheduleXX.SpeedScheduleToday;
				PRODUCT_NAME = "$(TARGET_NAME)";
				SKIP_INSTALL = YES;
				SWIFT_VERSION = 4.2;
				TARGETED_DEVICE_FAMILY = "1,2";
			};
			name = Debug;
		};
		4CA946A2224552EE003FC20F /* Release */ = {
			isa = XCBuildConfiguration;
			buildSettings = {
				CODE_SIGN_STYLE = Automatic;
				DEVELOPMENT_TEAM = UX7GPB828A;
				INFOPLIST_FILE = SpeedScheduleToday/Info.plist;
				LD_RUNPATH_SEARCH_PATHS = (
					"$(inherited)",
					"@executable_path/Frameworks",
					"@executable_path/../../Frameworks",
				);
				PRODUCT_BUNDLE_IDENTIFIER = rolflocher.SpeedScheduleXX.SpeedScheduleToday;
				PRODUCT_NAME = "$(TARGET_NAME)";
				SKIP_INSTALL = YES;
				SWIFT_VERSION = 4.2;
				TARGETED_DEVICE_FAMILY = "1,2";
			};
			name = Release;
		};
/* End XCBuildConfiguration section */

/* Begin XCConfigurationList section */
		4C33C9F62236A73D00A52E0A /* Build configuration list for PBXProject "SpeedScheduleX" */ = {
			isa = XCConfigurationList;
			buildConfigurations = (
				4C33CA2B2236A73E00A52E0A /* Debug */,
				4C33CA2C2236A73E00A52E0A /* Release */,
			);
			defaultConfigurationIsVisible = 0;
			defaultConfigurationName = Release;
		};
		4C33CA2D2236A73E00A52E0A /* Build configuration list for PBXNativeTarget "SpeedScheduleX WatchKit Extension" */ = {
			isa = XCConfigurationList;
			buildConfigurations = (
				4C33CA2E2236A73E00A52E0A /* Debug */,
				4C33CA2F2236A73E00A52E0A /* Release */,
			);
			defaultConfigurationIsVisible = 0;
			defaultConfigurationName = Release;
		};
		4C33CA312236A73E00A52E0A /* Build configuration list for PBXNativeTarget "SpeedScheduleX WatchKit App" */ = {
			isa = XCConfigurationList;
			buildConfigurations = (
				4C33CA322236A73E00A52E0A /* Debug */,
				4C33CA332236A73E00A52E0A /* Release */,
			);
			defaultConfigurationIsVisible = 0;
			defaultConfigurationName = Release;
		};
		4C33CA352236A73E00A52E0A /* Build configuration list for PBXNativeTarget "SpeedScheduleX" */ = {
			isa = XCConfigurationList;
			buildConfigurations = (
				4C33CA362236A73E00A52E0A /* Debug */,
				4C33CA372236A73E00A52E0A /* Release */,
			);
			defaultConfigurationIsVisible = 0;
			defaultConfigurationName = Release;
		};
		4CA946A0224552EE003FC20F /* Build configuration list for PBXNativeTarget "SpeedScheduleToday" */ = {
			isa = XCConfigurationList;
			buildConfigurations = (
				4CA946A1224552EE003FC20F /* Debug */,
				4CA946A2224552EE003FC20F /* Release */,
			);
			defaultConfigurationIsVisible = 0;
			defaultConfigurationName = Release;
		};
/* End XCConfigurationList section */
	};
	rootObject = 4C33C9F32236A73D00A52E0A /* Project object */;
}
